
Microsoft Visual Studio Solution File, Format Version 12.00
# Visual Studio Version 16
VisualStudioVersion = 16.0.29102.190
MinimumVisualStudioVersion = 10.0.40219.1
Project("{9A19103F-16F7-4668-BE54-9A1E7A4F7556}") = "ACUtils", "ACUtils\ACUtils.csproj", "{6EDFC22B-7712-414A-9817-6EAF08F8B74C}"
EndProject
Project("{FAE04EC0-301F-11D3-BF4B-00C04F79EFBC}") = "Tests", "Tests\Tests.csproj", "{FB58EA25-7D19-4EEE-8163-6D4C37263B9D}"
EndProject
Project("{FAE04EC0-301F-11D3-BF4B-00C04F79EFBC}") = "ACUtilsDNF", "ACUtilsDNF\ACUtilsDNF.csproj", "{A3C8A178-DD28-4D2F-B64A-5AB8602FFAB3}"
EndProject
Project("{2150E333-8FDC-42A3-9474-1A3956D46DE8}") = "root", "root", "{608B23C0-8D94-4C93-AA62-D6DF3DC44F93}"
	ProjectSection(SolutionItems) = preProject
		Jenkinsfile = Jenkinsfile
	EndProjectSection
EndProject
Project("{9A19103F-16F7-4668-BE54-9A1E7A4F7556}") = "ACUtils.SqlDb", "ACUtils.SqlDb\ACUtils.SqlDb.csproj", "{2749D4BC-D9A2-4503-B315-78782E3BF207}"
EndProject
Project("{9A19103F-16F7-4668-BE54-9A1E7A4F7556}") = "ACUtils.FileUtils", "ACUtils.FileUtils\ACUtils.FileUtils.csproj", "{C2638868-F548-4282-A8C1-3408FC2B05EE}"
EndProject
Project("{9A19103F-16F7-4668-BE54-9A1E7A4F7556}") = "ACUtils.EnvironmentUtils", "ACUtils.EnvironmentUtils\ACUtils.EnvironmentUtils.csproj", "{F38F8040-FDB2-4030-A591-7A297612E23C}"
EndProject
Project("{9A19103F-16F7-4668-BE54-9A1E7A4F7556}") = "ACUtils.Logger", "ACUtils.Logger\ACUtils.Logger.csproj", "{D60B3836-E588-42E9-BF82-CAF87A36EADA}"
EndProject
Project("{9A19103F-16F7-4668-BE54-9A1E7A4F7556}") = "ACUtils.StringUtils", "ACUtils.StringUtils\ACUtils.StringUtils.csproj", "{E6FEE866-3859-42D7-B7F1-64F1F1661588}"
EndProject
Project("{9A19103F-16F7-4668-BE54-9A1E7A4F7556}") = "ACUtils.ProgramUtils", "ACUtils.ProgramUtils\ACUtils.ProgramUtils.csproj", "{ACC14A9A-303D-400B-BDBD-B235540DB36D}"
EndProject
Project("{9A19103F-16F7-4668-BE54-9A1E7A4F7556}") = "ACUtils.DotNetUtils", "ACUtils.DotNetUtils\ACUtils.DotNetUtils.csproj", "{DF92E0A8-BF71-45F6-89D8-397E6B8F2A95}"
EndProject
Project("{FAE04EC0-301F-11D3-BF4B-00C04F79EFBC}") = "ACUtils.NetUse", "ACUtils.NetUse\ACUtils.NetUse.csproj", "{A111C9D6-D144-4406-B241-B4AFE182A64D}"
EndProject
Global
	GlobalSection(SolutionConfigurationPlatforms) = preSolution
		Debug|Any CPU = Debug|Any CPU
		Release|Any CPU = Release|Any CPU
	EndGlobalSection
	GlobalSection(ProjectConfigurationPlatforms) = postSolution
		{6EDFC22B-7712-414A-9817-6EAF08F8B74C}.Debug|Any CPU.ActiveCfg = Debug|Any CPU
		{6EDFC22B-7712-414A-9817-6EAF08F8B74C}.Debug|Any CPU.Build.0 = Debug|Any CPU
		{6EDFC22B-7712-414A-9817-6EAF08F8B74C}.Release|Any CPU.ActiveCfg = Release|Any CPU
		{6EDFC22B-7712-414A-9817-6EAF08F8B74C}.Release|Any CPU.Build.0 = Release|Any CPU
		{FB58EA25-7D19-4EEE-8163-6D4C37263B9D}.Debug|Any CPU.ActiveCfg = Debug|Any CPU
		{FB58EA25-7D19-4EEE-8163-6D4C37263B9D}.Debug|Any CPU.Build.0 = Debug|Any CPU
		{FB58EA25-7D19-4EEE-8163-6D4C37263B9D}.Release|Any CPU.ActiveCfg = Release|Any CPU
		{FB58EA25-7D19-4EEE-8163-6D4C37263B9D}.Release|Any CPU.Build.0 = Release|Any CPU
		{A3C8A178-DD28-4D2F-B64A-5AB8602FFAB3}.Debug|Any CPU.ActiveCfg = Debug|Any CPU
		{A3C8A178-DD28-4D2F-B64A-5AB8602FFAB3}.Debug|Any CPU.Build.0 = Debug|Any CPU
		{A3C8A178-DD28-4D2F-B64A-5AB8602FFAB3}.Release|Any CPU.ActiveCfg = Release|Any CPU
		{A3C8A178-DD28-4D2F-B64A-5AB8602FFAB3}.Release|Any CPU.Build.0 = Release|Any CPU
		{2749D4BC-D9A2-4503-B315-78782E3BF207}.Debug|Any CPU.ActiveCfg = Debug|Any CPU
		{2749D4BC-D9A2-4503-B315-78782E3BF207}.Debug|Any CPU.Build.0 = Debug|Any CPU
		{2749D4BC-D9A2-4503-B315-78782E3BF207}.Release|Any CPU.ActiveCfg = Release|Any CPU
		{2749D4BC-D9A2-4503-B315-78782E3BF207}.Release|Any CPU.Build.0 = Release|Any CPU
		{C2638868-F548-4282-A8C1-3408FC2B05EE}.Debug|Any CPU.ActiveCfg = Debug|Any CPU
		{C2638868-F548-4282-A8C1-3408FC2B05EE}.Debug|Any CPU.Build.0 = Debug|Any CPU
		{C2638868-F548-4282-A8C1-3408FC2B05EE}.Release|Any CPU.ActiveCfg = Release|Any CPU
		{C2638868-F548-4282-A8C1-3408FC2B05EE}.Release|Any CPU.Build.0 = Release|Any CPU
		{F38F8040-FDB2-4030-A591-7A297612E23C}.Debug|Any CPU.ActiveCfg = Debug|Any CPU
		{F38F8040-FDB2-4030-A591-7A297612E23C}.Debug|Any CPU.Build.0 = Debug|Any CPU
		{F38F8040-FDB2-4030-A591-7A297612E23C}.Release|Any CPU.ActiveCfg = Release|Any CPU
		{F38F8040-FDB2-4030-A591-7A297612E23C}.Release|Any CPU.Build.0 = Release|Any CPU
		{D60B3836-E588-42E9-BF82-CAF87A36EADA}.Debug|Any CPU.ActiveCfg = Debug|Any CPU
		{D60B3836-E588-42E9-BF82-CAF87A36EADA}.Debug|Any CPU.Build.0 = Debug|Any CPU
		{D60B3836-E588-42E9-BF82-CAF87A36EADA}.Release|Any CPU.ActiveCfg = Release|Any CPU
		{D60B3836-E588-42E9-BF82-CAF87A36EADA}.Release|Any CPU.Build.0 = Release|Any CPU
		{E6FEE866-3859-42D7-B7F1-64F1F1661588}.Debug|Any CPU.ActiveCfg = Debug|Any CPU
		{E6FEE866-3859-42D7-B7F1-64F1F1661588}.Debug|Any CPU.Build.0 = Debug|Any CPU
		{E6FEE866-3859-42D7-B7F1-64F1F1661588}.Release|Any CPU.ActiveCfg = Release|Any CPU
		{E6FEE866-3859-42D7-B7F1-64F1F1661588}.Release|Any CPU.Build.0 = Release|Any CPU
		{ACC14A9A-303D-400B-BDBD-B235540DB36D}.Debug|Any CPU.ActiveCfg = Debug|Any CPU
		{ACC14A9A-303D-400B-BDBD-B235540DB36D}.Debug|Any CPU.Build.0 = Debug|Any CPU
		{ACC14A9A-303D-400B-BDBD-B235540DB36D}.Release|Any CPU.ActiveCfg = Release|Any CPU
		{ACC14A9A-303D-400B-BDBD-B235540DB36D}.Release|Any CPU.Build.0 = Release|Any CPU
		{DF92E0A8-BF71-45F6-89D8-397E6B8F2A95}.Debug|Any CPU.ActiveCfg = Debug|Any CPU
		{DF92E0A8-BF71-45F6-89D8-397E6B8F2A95}.Debug|Any CPU.Build.0 = Debug|Any CPU
		{DF92E0A8-BF71-45F6-89D8-397E6B8F2A95}.Release|Any CPU.ActiveCfg = Release|Any CPU
		{DF92E0A8-BF71-45F6-89D8-397E6B8F2A95}.Release|Any CPU.Build.0 = Release|Any CPU
		{A111C9D6-D144-4406-B241-B4AFE182A64D}.Debug|Any CPU.ActiveCfg = Debug|Any CPU
		{A111C9D6-D144-4406-B241-B4AFE182A64D}.Debug|Any CPU.Build.0 = Debug|Any CPU
		{A111C9D6-D144-4406-B241-B4AFE182A64D}.Release|Any CPU.ActiveCfg = Release|Any CPU
		{A111C9D6-D144-4406-B241-B4AFE182A64D}.Release|Any CPU.Build.0 = Release|Any CPU
	EndGlobalSection
	GlobalSection(SolutionProperties) = preSolution
		HideSolutionNode = FALSE
	EndGlobalSection
	GlobalSection(ExtensibilityGlobals) = postSolution
		SolutionGuid = {0037DA3D-D9AA-45DF-BC6B-4980440E4892}
	EndGlobalSection
EndGlobal
