
Microsoft Visual Studio Solution File, Format Version 12.00
# Visual Studio 15
VisualStudioVersion = 15.0.28307.421
MinimumVisualStudioVersion = 10.0.40219.1
Project("{9A19103F-16F7-4668-BE54-9A1E7A4F7556}") = "ACUtils", "ACUtils\ACUtils.csproj", "{6EDFC22B-7712-414A-9817-6EAF08F8B74C}"
EndProject
Project("{FAE04EC0-301F-11D3-BF4B-00C04F79EFBC}") = "Tests", "Tests\Tests.csproj", "{FB58EA25-7D19-4EEE-8163-6D4C37263B9D}"
EndProject
Project("{FAE04EC0-301F-11D3-BF4B-00C04F79EFBC}") = "ACUtilsDNF", "ACUtilsDNF\ACUtilsDNF.csproj", "{A3C8A178-DD28-4D2F-B64A-5AB8602FFAB3}"
EndProject
Project("{2150E333-8FDC-42A3-9474-1A3956D46DE8}") = "root", "root", "{608B23C0-8D94-4C93-AA62-D6DF3DC44F93}"
ProjectSection(SolutionItems) = preProject
	projedit.py = projedit.py
	Jenkinsfile = Jenkinsfile
EndProjectSection
EndProject
Global
	GlobalSection(SolutionConfigurationPlatforms) = preSolution
		Debug|Any CPU = Debug|Any CPU
		Release|Any CPU = Release|Any CPU
	EndGlobalSection
	GlobalSection(ProjectConfigurationPlatforms) = postSolution
		{6EDFC22B-7712-414A-9817-6EAF08F8B74C}.Debug|Any CPU.ActiveCfg = Debug|Any CPU
		{6EDFC22B-7712-414A-9817-6EAF08F8B74C}.Debug|Any CPU.Build.0 = Debug|Any CPU
		{6EDFC22B-7712-414A-9817-6EAF08F8B74C}.Release|Any CPU.ActiveCfg = Release|Any CPU
		{6EDFC22B-7712-414A-9817-6EAF08F8B74C}.Release|Any CPU.Build.0 = Release|Any CPU
		{FB58EA25-7D19-4EEE-8163-6D4C37263B9D}.Debug|Any CPU.ActiveCfg = Debug|Any CPU
		{FB58EA25-7D19-4EEE-8163-6D4C37263B9D}.Debug|Any CPU.Build.0 = Debug|Any CPU
		{FB58EA25-7D19-4EEE-8163-6D4C37263B9D}.Release|Any CPU.ActiveCfg = Release|Any CPU
		{FB58EA25-7D19-4EEE-8163-6D4C37263B9D}.Release|Any CPU.Build.0 = Release|Any CPU
		{A3C8A178-DD28-4D2F-B64A-5AB8602FFAB3}.Debug|Any CPU.ActiveCfg = Debug|Any CPU
		{A3C8A178-DD28-4D2F-B64A-5AB8602FFAB3}.Debug|Any CPU.Build.0 = Debug|Any CPU
		{A3C8A178-DD28-4D2F-B64A-5AB8602FFAB3}.Release|Any CPU.ActiveCfg = Release|Any CPU
		{A3C8A178-DD28-4D2F-B64A-5AB8602FFAB3}.Release|Any CPU.Build.0 = Release|Any CPU
	EndGlobalSection
	GlobalSection(SolutionProperties) = preSolution
		HideSolutionNode = FALSE
	EndGlobalSection
	GlobalSection(ExtensibilityGlobals) = postSolution
		SolutionGuid = {0037DA3D-D9AA-45DF-BC6B-4980440E4892}
	EndGlobalSection
EndGlobal
